
Microsoft Visual Studio Solution File, Format Version 12.00
# Visual Studio Version 16
VisualStudioVersion = 16.0.31005.135
MinimumVisualStudioVersion = 10.0.40219.1
Project("{FAE04EC0-301F-11D3-BF4B-00C04F79EFBC}") = "tictactoe peli", "tictactoe peli\tictactoe peli.csproj", "{2141C915-D4EA-4340-8205-53CD0E59800A}"
EndProject
Global
	GlobalSection(SolutionConfigurationPlatforms) = preSolution
		Debug|Any CPU = Debug|Any CPU
		Release|Any CPU = Release|Any CPU
	EndGlobalSection
	GlobalSection(ProjectConfigurationPlatforms) = postSolution
		{2141C915-D4EA-4340-8205-53CD0E59800A}.Debug|Any CPU.ActiveCfg = Debug|Any CPU
		{2141C915-D4EA-4340-8205-53CD0E59800A}.Debug|Any CPU.Build.0 = Debug|Any CPU
		{2141C915-D4EA-4340-8205-53CD0E59800A}.Release|Any CPU.ActiveCfg = Release|Any CPU
		{2141C915-D4EA-4340-8205-53CD0E59800A}.Release|Any CPU.Build.0 = Release|Any CPU
	EndGlobalSection
	GlobalSection(SolutionProperties) = preSolution
		HideSolutionNode = FALSE
	EndGlobalSection
	GlobalSection(ExtensibilityGlobals) = postSolution
		SolutionGuid = {122B0C95-9246-4077-B12A-DA6AAEC7BC62}
	EndGlobalSection
EndGlobal
